
Microsoft Visual Studio Solution File, Format Version 12.00
# Visual Studio 15
VisualStudioVersion = 15.0.26730.12
MinimumVisualStudioVersion = 10.0.40219.1
Project("{2150E333-8FDC-42A3-9474-1A3956D46DE8}") = "データ", "データ", "{671708CB-BC79-4DA3-B854-E4CE7159B702}"
EndProject
Project("{2150E333-8FDC-42A3-9474-1A3956D46DE8}") = "Instances", "Instances", "{755992BB-F097-4289-9141-80FBA52542AE}"
	ProjectSection(SolutionItems) = preProject
		データ\Instances\pain.001.003.01.xml = データ\Instances\pain.001.003.01.xml
	EndProjectSection
EndProject
Project("{2150E333-8FDC-42A3-9474-1A3956D46DE8}") = "Schema", "Schema", "{BF251316-8CE1-44AD-85F9-6FE71F31EF97}"
	ProjectSection(SolutionItems) = preProject
		データ\Schema\pain.001.003.01.xsd = データ\Schema\pain.001.003.01.xsd
	EndProjectSection
EndProject
Global
	GlobalSection(SolutionProperties) = preSolution
		HideSolutionNode = FALSE
	EndGlobalSection
	GlobalSection(NestedProjects) = preSolution
		{755992BB-F097-4289-9141-80FBA52542AE} = {671708CB-BC79-4DA3-B854-E4CE7159B702}
		{BF251316-8CE1-44AD-85F9-6FE71F31EF97} = {671708CB-BC79-4DA3-B854-E4CE7159B702}
	EndGlobalSection
	GlobalSection(ExtensibilityGlobals) = postSolution
		SolutionGuid = {F626388C-416B-4830-A73F-90B3517151BF}
	EndGlobalSection
EndGlobal
